
Microsoft Visual Studio Solution File, Format Version 12.00
# Visual Studio Version 16
VisualStudioVersion = 16.0.31515.178
MinimumVisualStudioVersion = 10.0.40219.1
Project("{FAE04EC0-301F-11D3-BF4B-00C04F79EFBC}") = "ParksVictoriaApi", "ParksVictoriaApi\ParksVictoriaApi.csproj", "{AD21FC44-494C-490C-A297-60FAC42FDE33}"
EndProject
Project("{FAE04EC0-301F-11D3-BF4B-00C04F79EFBC}") = "ParksVictoriaApi.Tests", "ParksVictoriaApi.Tests\ParksVictoriaApi.Tests.csproj", "{FA14D642-991D-4353-86E0-8A604FCFA52B}"
EndProject
Global
	GlobalSection(SolutionConfigurationPlatforms) = preSolution
		Debug|Any CPU = Debug|Any CPU
		Release|Any CPU = Release|Any CPU
	EndGlobalSection
	GlobalSection(ProjectConfigurationPlatforms) = postSolution
		{AD21FC44-494C-490C-A297-60FAC42FDE33}.Debug|Any CPU.ActiveCfg = Debug|Any CPU
		{AD21FC44-494C-490C-A297-60FAC42FDE33}.Debug|Any CPU.Build.0 = Debug|Any CPU
		{AD21FC44-494C-490C-A297-60FAC42FDE33}.Release|Any CPU.ActiveCfg = Release|Any CPU
		{AD21FC44-494C-490C-A297-60FAC42FDE33}.Release|Any CPU.Build.0 = Release|Any CPU
		{FA14D642-991D-4353-86E0-8A604FCFA52B}.Debug|Any CPU.ActiveCfg = Debug|Any CPU
		{FA14D642-991D-4353-86E0-8A604FCFA52B}.Debug|Any CPU.Build.0 = Debug|Any CPU
		{FA14D642-991D-4353-86E0-8A604FCFA52B}.Release|Any CPU.ActiveCfg = Release|Any CPU
		{FA14D642-991D-4353-86E0-8A604FCFA52B}.Release|Any CPU.Build.0 = Release|Any CPU
	EndGlobalSection
	GlobalSection(SolutionProperties) = preSolution
		HideSolutionNode = FALSE
	EndGlobalSection
	GlobalSection(ExtensibilityGlobals) = postSolution
		SolutionGuid = {D6C1767F-27CB-47A7-A027-7B62B64D7BF7}
	EndGlobalSection
EndGlobal
